
Microsoft Visual Studio Solution File, Format Version 12.00
# Visual Studio Version 17
VisualStudioVersion = 17.8.34511.84
MinimumVisualStudioVersion = 10.0.40219.1
Project("{FAE04EC0-301F-11D3-BF4B-00C04F79EFBC}") = "finalProject-MariannaAntunes", "finalProject-MariannaAntunes\finalProject-MariannaAntunes.csproj", "{A3F416E3-BE9C-4B4A-8294-19440AD2E9DD}"
EndProject
Global
	GlobalSection(SolutionConfigurationPlatforms) = preSolution
		Debug|Any CPU = Debug|Any CPU
		Release|Any CPU = Release|Any CPU
	EndGlobalSection
	GlobalSection(ProjectConfigurationPlatforms) = postSolution
		{A3F416E3-BE9C-4B4A-8294-19440AD2E9DD}.Debug|Any CPU.ActiveCfg = Debug|Any CPU
		{A3F416E3-BE9C-4B4A-8294-19440AD2E9DD}.Debug|Any CPU.Build.0 = Debug|Any CPU
		{A3F416E3-BE9C-4B4A-8294-19440AD2E9DD}.Release|Any CPU.ActiveCfg = Release|Any CPU
		{A3F416E3-BE9C-4B4A-8294-19440AD2E9DD}.Release|Any CPU.Build.0 = Release|Any CPU
	EndGlobalSection
	GlobalSection(SolutionProperties) = preSolution
		HideSolutionNode = FALSE
	EndGlobalSection
	GlobalSection(ExtensibilityGlobals) = postSolution
		SolutionGuid = {12704299-FCA1-43AB-BDFE-19C1CF9769A7}
	EndGlobalSection
EndGlobal
